
Microsoft Visual Studio Solution File, Format Version 12.00
# Visual Studio Version 17
VisualStudioVersion = 17.7.34003.232
MinimumVisualStudioVersion = 10.0.40219.1
Project("{FAE04EC0-301F-11D3-BF4B-00C04F79EFBC}") = "FTCtest", "FTCtest\FTCtest.csproj", "{9BC1C3B6-54C5-48E7-9ACC-D4276169F979}"
EndProject
Global
	GlobalSection(SolutionConfigurationPlatforms) = preSolution
		Debug|Any CPU = Debug|Any CPU
		Release|Any CPU = Release|Any CPU
	EndGlobalSection
	GlobalSection(ProjectConfigurationPlatforms) = postSolution
		{9BC1C3B6-54C5-48E7-9ACC-D4276169F979}.Debug|Any CPU.ActiveCfg = Debug|Any CPU
		{9BC1C3B6-54C5-48E7-9ACC-D4276169F979}.Debug|Any CPU.Build.0 = Debug|Any CPU
		{9BC1C3B6-54C5-48E7-9ACC-D4276169F979}.Release|Any CPU.ActiveCfg = Release|Any CPU
		{9BC1C3B6-54C5-48E7-9ACC-D4276169F979}.Release|Any CPU.Build.0 = Release|Any CPU
	EndGlobalSection
	GlobalSection(SolutionProperties) = preSolution
		HideSolutionNode = FALSE
	EndGlobalSection
	GlobalSection(ExtensibilityGlobals) = postSolution
		SolutionGuid = {B235BEE7-D984-4983-833D-F1B94988B321}
	EndGlobalSection
EndGlobal
